
Microsoft Visual Studio Solution File, Format Version 12.00
# Visual Studio Version 17
VisualStudioVersion = 17.4.33213.308
MinimumVisualStudioVersion = 10.0.40219.1
Project("{FAE04EC0-301F-11D3-BF4B-00C04F79EFBC}") = "MediatR.Template", "MediatR.Template.csproj", "{413E1872-0F31-4279-A373-78CF9687B6F8}"
EndProject
Project("{FAE04EC0-301F-11D3-BF4B-00C04F79EFBC}") = "Application", "..\Application\Application.csproj", "{1C71BF50-190C-451A-ADDC-D99873F2BA7B}"
EndProject
Project("{FAE04EC0-301F-11D3-BF4B-00C04F79EFBC}") = "Domain", "..\Domain\Domain.csproj", "{28A192DD-B62B-4288-A3B8-B3467320EC73}"
EndProject
Project("{FAE04EC0-301F-11D3-BF4B-00C04F79EFBC}") = "Infrastructure", "..\Infrastructure\Infrastructure.csproj", "{050341F5-0251-4A5D-A259-E0D81F48DD8D}"
EndProject
Global
	GlobalSection(SolutionConfigurationPlatforms) = preSolution
		Debug|Any CPU = Debug|Any CPU
		Release|Any CPU = Release|Any CPU
	EndGlobalSection
	GlobalSection(ProjectConfigurationPlatforms) = postSolution
		{413E1872-0F31-4279-A373-78CF9687B6F8}.Debug|Any CPU.ActiveCfg = Debug|Any CPU
		{413E1872-0F31-4279-A373-78CF9687B6F8}.Debug|Any CPU.Build.0 = Debug|Any CPU
		{413E1872-0F31-4279-A373-78CF9687B6F8}.Release|Any CPU.ActiveCfg = Release|Any CPU
		{413E1872-0F31-4279-A373-78CF9687B6F8}.Release|Any CPU.Build.0 = Release|Any CPU
		{1C71BF50-190C-451A-ADDC-D99873F2BA7B}.Debug|Any CPU.ActiveCfg = Debug|Any CPU
		{1C71BF50-190C-451A-ADDC-D99873F2BA7B}.Debug|Any CPU.Build.0 = Debug|Any CPU
		{1C71BF50-190C-451A-ADDC-D99873F2BA7B}.Release|Any CPU.ActiveCfg = Release|Any CPU
		{1C71BF50-190C-451A-ADDC-D99873F2BA7B}.Release|Any CPU.Build.0 = Release|Any CPU
		{28A192DD-B62B-4288-A3B8-B3467320EC73}.Debug|Any CPU.ActiveCfg = Debug|Any CPU
		{28A192DD-B62B-4288-A3B8-B3467320EC73}.Debug|Any CPU.Build.0 = Debug|Any CPU
		{28A192DD-B62B-4288-A3B8-B3467320EC73}.Release|Any CPU.ActiveCfg = Release|Any CPU
		{28A192DD-B62B-4288-A3B8-B3467320EC73}.Release|Any CPU.Build.0 = Release|Any CPU
		{050341F5-0251-4A5D-A259-E0D81F48DD8D}.Debug|Any CPU.ActiveCfg = Debug|Any CPU
		{050341F5-0251-4A5D-A259-E0D81F48DD8D}.Debug|Any CPU.Build.0 = Debug|Any CPU
		{050341F5-0251-4A5D-A259-E0D81F48DD8D}.Release|Any CPU.ActiveCfg = Release|Any CPU
		{050341F5-0251-4A5D-A259-E0D81F48DD8D}.Release|Any CPU.Build.0 = Release|Any CPU
	EndGlobalSection
	GlobalSection(SolutionProperties) = preSolution
		HideSolutionNode = FALSE
	EndGlobalSection
	GlobalSection(ExtensibilityGlobals) = postSolution
		SolutionGuid = {0989AA96-0547-4C96-927B-A6AE63CB5F96}
	EndGlobalSection
EndGlobal
